
Microsoft Visual Studio Solution File, Format Version 12.00
# Visual Studio Version 17
VisualStudioVersion = 17.11.35118.90
MinimumVisualStudioVersion = 10.0.40219.1
Project("{2150E333-8FDC-42A3-9474-1A3956D46DE8}") = "src", "src", "{818FAD78-31D0-4145-8823-A22B7DB37F1B}"
EndProject
Project("{2150E333-8FDC-42A3-9474-1A3956D46DE8}") = "shared", "shared", "{3DF818C3-D089-4646-8FE1-BEC1EB12428A}"
EndProject
Project("{9A19103F-16F7-4668-BE54-9A1E7A4F7556}") = "Sheeva.Log", "src\shared\Sheeva.Log\Sheeva.Log.csproj", "{3CCC1E89-7088-4C33-A020-D6BD7B59FFA3}"
EndProject
Project("{9A19103F-16F7-4668-BE54-9A1E7A4F7556}") = "Sheeva.Data.Abstractions", "src\shared\Sheeva.Data.Abstractions\Sheeva.Data.Abstractions.csproj", "{9E9BC473-483D-41DC-A9A0-1EF4278DFD47}"
EndProject
Project("{2150E333-8FDC-42A3-9474-1A3956D46DE8}") = "samples", "samples", "{0B02BD90-DC66-4576-8B0D-347027B549BE}"
EndProject
Project("{2150E333-8FDC-42A3-9474-1A3956D46DE8}") = "GaneshAI", "GaneshAI", "{7506A387-4280-436D-B9FC-E329DAB53D8C}"
EndProject
Project("{2150E333-8FDC-42A3-9474-1A3956D46DE8}") = "test", "test", "{B519CDDD-87EE-49BB-94DC-870E2B80199C}"
EndProject
Project("{2150E333-8FDC-42A3-9474-1A3956D46DE8}") = "src", "src", "{4389F130-FF0E-4F6F-8E17-49F7F785D0E4}"
EndProject
Project("{2150E333-8FDC-42A3-9474-1A3956D46DE8}") = "test", "test", "{BE54BD72-B083-407E-B581-B41907263FDD}"
EndProject
Project("{2150E333-8FDC-42A3-9474-1A3956D46DE8}") = "GaneshAI", "GaneshAI", "{D2465633-E2E6-4282-AD62-1FDBB3E6CC56}"
EndProject
Project("{9A19103F-16F7-4668-BE54-9A1E7A4F7556}") = "GaneshAI.Server", "samples\GaneshAI\src\GaneshAI.Server\GaneshAI.Server.csproj", "{F3C732E9-ACF6-4024-ACE3-76C57A29BF6E}"
EndProject
Project("{9A19103F-16F7-4668-BE54-9A1E7A4F7556}") = "GaneshAI.Abstractions", "samples\GaneshAI\src\GaneshAI.Abstractions\GaneshAI.Abstractions.csproj", "{8EFD5CF1-80C8-4D28-864A-C70A295EFCB1}"
EndProject
Project("{9A19103F-16F7-4668-BE54-9A1E7A4F7556}") = "GaneshAI.Infrastructure", "samples\GaneshAI\src\GaneshAI.Infrastructure\GaneshAI.Infrastructure.csproj", "{9DEBD95F-4DD6-4B7B-8D0E-154077D18933}"
EndProject
Project("{9A19103F-16F7-4668-BE54-9A1E7A4F7556}") = "GaneshAI.Client", "samples\GaneshAI\src\GaneshAI.Client\GaneshAI.Client.csproj", "{4B395D16-2F38-4D25-AF92-BE38DE4519E6}"
EndProject
Project("{9A19103F-16F7-4668-BE54-9A1E7A4F7556}") = "GaneshAI.Tests", "samples\GaneshAI\test\GaneshAI.Tests\GaneshAI.Tests.csproj", "{2C428A45-C61C-4584-B961-A21A940DC503}"
EndProject
Project("{9A19103F-16F7-4668-BE54-9A1E7A4F7556}") = "GaneshAI.AppHost", "samples\GaneshAI\src\GaneshAI.AppHost\GaneshAI.AppHost.csproj", "{7C5DF6B3-1BA9-43F7-B94E-CFE1CC636FA8}"
EndProject
Project("{9A19103F-16F7-4668-BE54-9A1E7A4F7556}") = "GaneshAI.ApiService", "samples\GaneshAI\src\GaneshAI.ApiService\GaneshAI.ApiService.csproj", "{13FC2F3C-17AC-46CC-A982-F0079E40A6B2}"
EndProject
Project("{9A19103F-16F7-4668-BE54-9A1E7A4F7556}") = "GaneshAI.ServiceDefaults", "samples\GaneshAI\src\GaneshAI.ServiceDefaults\GaneshAI.ServiceDefaults.csproj", "{23C116E8-D43E-47AE-A7FF-16F3066B82D9}"
EndProject
Project("{9A19103F-16F7-4668-BE54-9A1E7A4F7556}") = "GaneshAI.Web", "samples\GaneshAI\src\GaneshAI.Web\GaneshAI.Web.csproj", "{8A0945AB-D297-4210-9B1A-30E80088606D}"
EndProject
Project("{2150E333-8FDC-42A3-9474-1A3956D46DE8}") = "solution", "solution", "{FCECA08A-55BC-48F5-A80A-84FF10421AB7}"
	ProjectSection(SolutionItems) = preProject
		.dockerignore = .dockerignore
		.editorconfig = .editorconfig
		.gitignore = .gitignore
		..\..\..\..\..\work\customers\cvz\TStore\global.json = ..\..\..\..\..\work\customers\cvz\TStore\global.json
		Readme.md = Readme.md
	EndProjectSection
EndProject
Global
	GlobalSection(SolutionConfigurationPlatforms) = preSolution
		Debug|Any CPU = Debug|Any CPU
		Release|Any CPU = Release|Any CPU
	EndGlobalSection
	GlobalSection(ProjectConfigurationPlatforms) = postSolution
		{3CCC1E89-7088-4C33-A020-D6BD7B59FFA3}.Debug|Any CPU.ActiveCfg = Debug|Any CPU
		{3CCC1E89-7088-4C33-A020-D6BD7B59FFA3}.Debug|Any CPU.Build.0 = Debug|Any CPU
		{3CCC1E89-7088-4C33-A020-D6BD7B59FFA3}.Release|Any CPU.ActiveCfg = Release|Any CPU
		{3CCC1E89-7088-4C33-A020-D6BD7B59FFA3}.Release|Any CPU.Build.0 = Release|Any CPU
		{9E9BC473-483D-41DC-A9A0-1EF4278DFD47}.Debug|Any CPU.ActiveCfg = Debug|Any CPU
		{9E9BC473-483D-41DC-A9A0-1EF4278DFD47}.Debug|Any CPU.Build.0 = Debug|Any CPU
		{9E9BC473-483D-41DC-A9A0-1EF4278DFD47}.Release|Any CPU.ActiveCfg = Release|Any CPU
		{9E9BC473-483D-41DC-A9A0-1EF4278DFD47}.Release|Any CPU.Build.0 = Release|Any CPU
		{F3C732E9-ACF6-4024-ACE3-76C57A29BF6E}.Debug|Any CPU.ActiveCfg = Debug|Any CPU
		{F3C732E9-ACF6-4024-ACE3-76C57A29BF6E}.Debug|Any CPU.Build.0 = Debug|Any CPU
		{F3C732E9-ACF6-4024-ACE3-76C57A29BF6E}.Release|Any CPU.ActiveCfg = Release|Any CPU
		{F3C732E9-ACF6-4024-ACE3-76C57A29BF6E}.Release|Any CPU.Build.0 = Release|Any CPU
		{8EFD5CF1-80C8-4D28-864A-C70A295EFCB1}.Debug|Any CPU.ActiveCfg = Debug|Any CPU
		{8EFD5CF1-80C8-4D28-864A-C70A295EFCB1}.Debug|Any CPU.Build.0 = Debug|Any CPU
		{8EFD5CF1-80C8-4D28-864A-C70A295EFCB1}.Release|Any CPU.ActiveCfg = Release|Any CPU
		{8EFD5CF1-80C8-4D28-864A-C70A295EFCB1}.Release|Any CPU.Build.0 = Release|Any CPU
		{9DEBD95F-4DD6-4B7B-8D0E-154077D18933}.Debug|Any CPU.ActiveCfg = Debug|Any CPU
		{9DEBD95F-4DD6-4B7B-8D0E-154077D18933}.Debug|Any CPU.Build.0 = Debug|Any CPU
		{9DEBD95F-4DD6-4B7B-8D0E-154077D18933}.Release|Any CPU.ActiveCfg = Release|Any CPU
		{9DEBD95F-4DD6-4B7B-8D0E-154077D18933}.Release|Any CPU.Build.0 = Release|Any CPU
		{4B395D16-2F38-4D25-AF92-BE38DE4519E6}.Debug|Any CPU.ActiveCfg = Debug|Any CPU
		{4B395D16-2F38-4D25-AF92-BE38DE4519E6}.Debug|Any CPU.Build.0 = Debug|Any CPU
		{4B395D16-2F38-4D25-AF92-BE38DE4519E6}.Release|Any CPU.ActiveCfg = Release|Any CPU
		{4B395D16-2F38-4D25-AF92-BE38DE4519E6}.Release|Any CPU.Build.0 = Release|Any CPU
		{2C428A45-C61C-4584-B961-A21A940DC503}.Debug|Any CPU.ActiveCfg = Debug|Any CPU
		{2C428A45-C61C-4584-B961-A21A940DC503}.Debug|Any CPU.Build.0 = Debug|Any CPU
		{2C428A45-C61C-4584-B961-A21A940DC503}.Release|Any CPU.ActiveCfg = Release|Any CPU
		{2C428A45-C61C-4584-B961-A21A940DC503}.Release|Any CPU.Build.0 = Release|Any CPU
		{7C5DF6B3-1BA9-43F7-B94E-CFE1CC636FA8}.Debug|Any CPU.ActiveCfg = Debug|Any CPU
		{7C5DF6B3-1BA9-43F7-B94E-CFE1CC636FA8}.Debug|Any CPU.Build.0 = Debug|Any CPU
		{7C5DF6B3-1BA9-43F7-B94E-CFE1CC636FA8}.Release|Any CPU.ActiveCfg = Release|Any CPU
		{7C5DF6B3-1BA9-43F7-B94E-CFE1CC636FA8}.Release|Any CPU.Build.0 = Release|Any CPU
		{13FC2F3C-17AC-46CC-A982-F0079E40A6B2}.Debug|Any CPU.ActiveCfg = Debug|Any CPU
		{13FC2F3C-17AC-46CC-A982-F0079E40A6B2}.Debug|Any CPU.Build.0 = Debug|Any CPU
		{13FC2F3C-17AC-46CC-A982-F0079E40A6B2}.Release|Any CPU.ActiveCfg = Release|Any CPU
		{13FC2F3C-17AC-46CC-A982-F0079E40A6B2}.Release|Any CPU.Build.0 = Release|Any CPU
		{23C116E8-D43E-47AE-A7FF-16F3066B82D9}.Debug|Any CPU.ActiveCfg = Debug|Any CPU
		{23C116E8-D43E-47AE-A7FF-16F3066B82D9}.Debug|Any CPU.Build.0 = Debug|Any CPU
		{23C116E8-D43E-47AE-A7FF-16F3066B82D9}.Release|Any CPU.ActiveCfg = Release|Any CPU
		{23C116E8-D43E-47AE-A7FF-16F3066B82D9}.Release|Any CPU.Build.0 = Release|Any CPU
		{8A0945AB-D297-4210-9B1A-30E80088606D}.Debug|Any CPU.ActiveCfg = Debug|Any CPU
		{8A0945AB-D297-4210-9B1A-30E80088606D}.Debug|Any CPU.Build.0 = Debug|Any CPU
		{8A0945AB-D297-4210-9B1A-30E80088606D}.Release|Any CPU.ActiveCfg = Release|Any CPU
		{8A0945AB-D297-4210-9B1A-30E80088606D}.Release|Any CPU.Build.0 = Release|Any CPU
	EndGlobalSection
	GlobalSection(SolutionProperties) = preSolution
		HideSolutionNode = FALSE
	EndGlobalSection
	GlobalSection(NestedProjects) = preSolution
		{3DF818C3-D089-4646-8FE1-BEC1EB12428A} = {818FAD78-31D0-4145-8823-A22B7DB37F1B}
		{3CCC1E89-7088-4C33-A020-D6BD7B59FFA3} = {3DF818C3-D089-4646-8FE1-BEC1EB12428A}
		{9E9BC473-483D-41DC-A9A0-1EF4278DFD47} = {3DF818C3-D089-4646-8FE1-BEC1EB12428A}
		{7506A387-4280-436D-B9FC-E329DAB53D8C} = {0B02BD90-DC66-4576-8B0D-347027B549BE}
		{4389F130-FF0E-4F6F-8E17-49F7F785D0E4} = {7506A387-4280-436D-B9FC-E329DAB53D8C}
		{BE54BD72-B083-407E-B581-B41907263FDD} = {7506A387-4280-436D-B9FC-E329DAB53D8C}
		{D2465633-E2E6-4282-AD62-1FDBB3E6CC56} = {4389F130-FF0E-4F6F-8E17-49F7F785D0E4}
		{F3C732E9-ACF6-4024-ACE3-76C57A29BF6E} = {D2465633-E2E6-4282-AD62-1FDBB3E6CC56}
		{8EFD5CF1-80C8-4D28-864A-C70A295EFCB1} = {D2465633-E2E6-4282-AD62-1FDBB3E6CC56}
		{9DEBD95F-4DD6-4B7B-8D0E-154077D18933} = {D2465633-E2E6-4282-AD62-1FDBB3E6CC56}
		{4B395D16-2F38-4D25-AF92-BE38DE4519E6} = {D2465633-E2E6-4282-AD62-1FDBB3E6CC56}
		{2C428A45-C61C-4584-B961-A21A940DC503} = {BE54BD72-B083-407E-B581-B41907263FDD}
		{7C5DF6B3-1BA9-43F7-B94E-CFE1CC636FA8} = {D2465633-E2E6-4282-AD62-1FDBB3E6CC56}
		{13FC2F3C-17AC-46CC-A982-F0079E40A6B2} = {D2465633-E2E6-4282-AD62-1FDBB3E6CC56}
		{23C116E8-D43E-47AE-A7FF-16F3066B82D9} = {D2465633-E2E6-4282-AD62-1FDBB3E6CC56}
		{8A0945AB-D297-4210-9B1A-30E80088606D} = {D2465633-E2E6-4282-AD62-1FDBB3E6CC56}
	EndGlobalSection
	GlobalSection(ExtensibilityGlobals) = postSolution
		SolutionGuid = {46B82D8B-1F13-4B63-ACF0-07A957AA2FDB}
	EndGlobalSection
EndGlobal
